
Microsoft Visual Studio Solution File, Format Version 12.00
# Visual Studio 14
VisualStudioVersion = 14.0.25420.1
MinimumVisualStudioVersion = 10.0.40219.1
Project("{FAE04EC0-301F-11D3-BF4B-00C04F79EFBC}") = "PO.Data", "PO.Data\PO.Data.csproj", "{04F6E98F-7D4A-44C3-8B13-45E52EC3363C}"
EndProject
Project("{FAE04EC0-301F-11D3-BF4B-00C04F79EFBC}") = "PO.Application.WebApi", "PO.Application.WebApi\PO.Application.WebApi.csproj", "{F74EE6ED-BD3B-4499-B4C6-A34B722E4C53}"
EndProject
Project("{FAE04EC0-301F-11D3-BF4B-00C04F79EFBC}") = "PO.Debug.Console", "PO.Debug.Console\PO.Debug.Console.csproj", "{BD9A7E40-F233-478A-8354-FD439AA5F40C}"
EndProject
Project("{FAE04EC0-301F-11D3-BF4B-00C04F79EFBC}") = "PO.Debug.Web", "PO.Debug.Web\PO.Debug.Web.csproj", "{AF45C96E-061F-4434-91A4-C508A464DA9A}"
EndProject
Project("{262852C6-CD72-467D-83FE-5EEB1973A190}") = "PO.Application.Mobile", "PO.Application.Mobile\PO.Application.Mobile.jsproj", "{1A08B5B1-A962-4C73-AA83-85E80D1ABAEB}"
EndProject
Global
	GlobalSection(SolutionConfigurationPlatforms) = preSolution
		Debug|Android = Debug|Android
		Debug|Any CPU = Debug|Any CPU
		Debug|iOS = Debug|iOS
		Debug|Windows Phone (Universal) = Debug|Windows Phone (Universal)
		Debug|Windows Phone 8 = Debug|Windows Phone 8
		Debug|Windows-AnyCPU = Debug|Windows-AnyCPU
		Debug|Windows-ARM = Debug|Windows-ARM
		Debug|Windows-x64 = Debug|Windows-x64
		Debug|Windows-x86 = Debug|Windows-x86
		Release|Android = Release|Android
		Release|Any CPU = Release|Any CPU
		Release|iOS = Release|iOS
		Release|Windows Phone (Universal) = Release|Windows Phone (Universal)
		Release|Windows Phone 8 = Release|Windows Phone 8
		Release|Windows-AnyCPU = Release|Windows-AnyCPU
		Release|Windows-ARM = Release|Windows-ARM
		Release|Windows-x64 = Release|Windows-x64
		Release|Windows-x86 = Release|Windows-x86
	EndGlobalSection
	GlobalSection(ProjectConfigurationPlatforms) = postSolution
		{04F6E98F-7D4A-44C3-8B13-45E52EC3363C}.Debug|Android.ActiveCfg = Debug|Any CPU
		{04F6E98F-7D4A-44C3-8B13-45E52EC3363C}.Debug|Android.Build.0 = Debug|Any CPU
		{04F6E98F-7D4A-44C3-8B13-45E52EC3363C}.Debug|Any CPU.ActiveCfg = Debug|Any CPU
		{04F6E98F-7D4A-44C3-8B13-45E52EC3363C}.Debug|Any CPU.Build.0 = Debug|Any CPU
		{04F6E98F-7D4A-44C3-8B13-45E52EC3363C}.Debug|iOS.ActiveCfg = Debug|Any CPU
		{04F6E98F-7D4A-44C3-8B13-45E52EC3363C}.Debug|iOS.Build.0 = Debug|Any CPU
		{04F6E98F-7D4A-44C3-8B13-45E52EC3363C}.Debug|Windows Phone (Universal).ActiveCfg = Debug|Any CPU
		{04F6E98F-7D4A-44C3-8B13-45E52EC3363C}.Debug|Windows Phone (Universal).Build.0 = Debug|Any CPU
		{04F6E98F-7D4A-44C3-8B13-45E52EC3363C}.Debug|Windows Phone 8.ActiveCfg = Debug|Any CPU
		{04F6E98F-7D4A-44C3-8B13-45E52EC3363C}.Debug|Windows Phone 8.Build.0 = Debug|Any CPU
		{04F6E98F-7D4A-44C3-8B13-45E52EC3363C}.Debug|Windows-AnyCPU.ActiveCfg = Debug|Any CPU
		{04F6E98F-7D4A-44C3-8B13-45E52EC3363C}.Debug|Windows-AnyCPU.Build.0 = Debug|Any CPU
		{04F6E98F-7D4A-44C3-8B13-45E52EC3363C}.Debug|Windows-ARM.ActiveCfg = Debug|Any CPU
		{04F6E98F-7D4A-44C3-8B13-45E52EC3363C}.Debug|Windows-ARM.Build.0 = Debug|Any CPU
		{04F6E98F-7D4A-44C3-8B13-45E52EC3363C}.Debug|Windows-x64.ActiveCfg = Debug|Any CPU
		{04F6E98F-7D4A-44C3-8B13-45E52EC3363C}.Debug|Windows-x64.Build.0 = Debug|Any CPU
		{04F6E98F-7D4A-44C3-8B13-45E52EC3363C}.Debug|Windows-x86.ActiveCfg = Debug|Any CPU
		{04F6E98F-7D4A-44C3-8B13-45E52EC3363C}.Debug|Windows-x86.Build.0 = Debug|Any CPU
		{04F6E98F-7D4A-44C3-8B13-45E52EC3363C}.Release|Android.ActiveCfg = Release|Any CPU
		{04F6E98F-7D4A-44C3-8B13-45E52EC3363C}.Release|Android.Build.0 = Release|Any CPU
		{04F6E98F-7D4A-44C3-8B13-45E52EC3363C}.Release|Any CPU.ActiveCfg = Release|Any CPU
		{04F6E98F-7D4A-44C3-8B13-45E52EC3363C}.Release|Any CPU.Build.0 = Release|Any CPU
		{04F6E98F-7D4A-44C3-8B13-45E52EC3363C}.Release|iOS.ActiveCfg = Release|Any CPU
		{04F6E98F-7D4A-44C3-8B13-45E52EC3363C}.Release|iOS.Build.0 = Release|Any CPU
		{04F6E98F-7D4A-44C3-8B13-45E52EC3363C}.Release|Windows Phone (Universal).ActiveCfg = Release|Any CPU
		{04F6E98F-7D4A-44C3-8B13-45E52EC3363C}.Release|Windows Phone (Universal).Build.0 = Release|Any CPU
		{04F6E98F-7D4A-44C3-8B13-45E52EC3363C}.Release|Windows Phone 8.ActiveCfg = Release|Any CPU
		{04F6E98F-7D4A-44C3-8B13-45E52EC3363C}.Release|Windows Phone 8.Build.0 = Release|Any CPU
		{04F6E98F-7D4A-44C3-8B13-45E52EC3363C}.Release|Windows-AnyCPU.ActiveCfg = Release|Any CPU
		{04F6E98F-7D4A-44C3-8B13-45E52EC3363C}.Release|Windows-AnyCPU.Build.0 = Release|Any CPU
		{04F6E98F-7D4A-44C3-8B13-45E52EC3363C}.Release|Windows-ARM.ActiveCfg = Release|Any CPU
		{04F6E98F-7D4A-44C3-8B13-45E52EC3363C}.Release|Windows-ARM.Build.0 = Release|Any CPU
		{04F6E98F-7D4A-44C3-8B13-45E52EC3363C}.Release|Windows-x64.ActiveCfg = Release|Any CPU
		{04F6E98F-7D4A-44C3-8B13-45E52EC3363C}.Release|Windows-x64.Build.0 = Release|Any CPU
		{04F6E98F-7D4A-44C3-8B13-45E52EC3363C}.Release|Windows-x86.ActiveCfg = Release|Any CPU
		{04F6E98F-7D4A-44C3-8B13-45E52EC3363C}.Release|Windows-x86.Build.0 = Release|Any CPU
		{F74EE6ED-BD3B-4499-B4C6-A34B722E4C53}.Debug|Android.ActiveCfg = Debug|Any CPU
		{F74EE6ED-BD3B-4499-B4C6-A34B722E4C53}.Debug|Android.Build.0 = Debug|Any CPU
		{F74EE6ED-BD3B-4499-B4C6-A34B722E4C53}.Debug|Any CPU.ActiveCfg = Debug|Any CPU
		{F74EE6ED-BD3B-4499-B4C6-A34B722E4C53}.Debug|Any CPU.Build.0 = Debug|Any CPU
		{F74EE6ED-BD3B-4499-B4C6-A34B722E4C53}.Debug|iOS.ActiveCfg = Debug|Any CPU
		{F74EE6ED-BD3B-4499-B4C6-A34B722E4C53}.Debug|iOS.Build.0 = Debug|Any CPU
		{F74EE6ED-BD3B-4499-B4C6-A34B722E4C53}.Debug|Windows Phone (Universal).ActiveCfg = Debug|Any CPU
		{F74EE6ED-BD3B-4499-B4C6-A34B722E4C53}.Debug|Windows Phone (Universal).Build.0 = Debug|Any CPU
		{F74EE6ED-BD3B-4499-B4C6-A34B722E4C53}.Debug|Windows Phone 8.ActiveCfg = Debug|Any CPU
		{F74EE6ED-BD3B-4499-B4C6-A34B722E4C53}.Debug|Windows Phone 8.Build.0 = Debug|Any CPU
		{F74EE6ED-BD3B-4499-B4C6-A34B722E4C53}.Debug|Windows-AnyCPU.ActiveCfg = Debug|Any CPU
		{F74EE6ED-BD3B-4499-B4C6-A34B722E4C53}.Debug|Windows-AnyCPU.Build.0 = Debug|Any CPU
		{F74EE6ED-BD3B-4499-B4C6-A34B722E4C53}.Debug|Windows-ARM.ActiveCfg = Debug|Any CPU
		{F74EE6ED-BD3B-4499-B4C6-A34B722E4C53}.Debug|Windows-ARM.Build.0 = Debug|Any CPU
		{F74EE6ED-BD3B-4499-B4C6-A34B722E4C53}.Debug|Windows-x64.ActiveCfg = Debug|Any CPU
		{F74EE6ED-BD3B-4499-B4C6-A34B722E4C53}.Debug|Windows-x64.Build.0 = Debug|Any CPU
		{F74EE6ED-BD3B-4499-B4C6-A34B722E4C53}.Debug|Windows-x86.ActiveCfg = Debug|Any CPU
		{F74EE6ED-BD3B-4499-B4C6-A34B722E4C53}.Debug|Windows-x86.Build.0 = Debug|Any CPU
		{F74EE6ED-BD3B-4499-B4C6-A34B722E4C53}.Release|Android.ActiveCfg = Release|Any CPU
		{F74EE6ED-BD3B-4499-B4C6-A34B722E4C53}.Release|Android.Build.0 = Release|Any CPU
		{F74EE6ED-BD3B-4499-B4C6-A34B722E4C53}.Release|Any CPU.ActiveCfg = Release|Any CPU
		{F74EE6ED-BD3B-4499-B4C6-A34B722E4C53}.Release|Any CPU.Build.0 = Release|Any CPU
		{F74EE6ED-BD3B-4499-B4C6-A34B722E4C53}.Release|iOS.ActiveCfg = Release|Any CPU
		{F74EE6ED-BD3B-4499-B4C6-A34B722E4C53}.Release|iOS.Build.0 = Release|Any CPU
		{F74EE6ED-BD3B-4499-B4C6-A34B722E4C53}.Release|Windows Phone (Universal).ActiveCfg = Release|Any CPU
		{F74EE6ED-BD3B-4499-B4C6-A34B722E4C53}.Release|Windows Phone (Universal).Build.0 = Release|Any CPU
		{F74EE6ED-BD3B-4499-B4C6-A34B722E4C53}.Release|Windows Phone 8.ActiveCfg = Release|Any CPU
		{F74EE6ED-BD3B-4499-B4C6-A34B722E4C53}.Release|Windows Phone 8.Build.0 = Release|Any CPU
		{F74EE6ED-BD3B-4499-B4C6-A34B722E4C53}.Release|Windows-AnyCPU.ActiveCfg = Release|Any CPU
		{F74EE6ED-BD3B-4499-B4C6-A34B722E4C53}.Release|Windows-AnyCPU.Build.0 = Release|Any CPU
		{F74EE6ED-BD3B-4499-B4C6-A34B722E4C53}.Release|Windows-ARM.ActiveCfg = Release|Any CPU
		{F74EE6ED-BD3B-4499-B4C6-A34B722E4C53}.Release|Windows-ARM.Build.0 = Release|Any CPU
		{F74EE6ED-BD3B-4499-B4C6-A34B722E4C53}.Release|Windows-x64.ActiveCfg = Release|Any CPU
		{F74EE6ED-BD3B-4499-B4C6-A34B722E4C53}.Release|Windows-x64.Build.0 = Release|Any CPU
		{F74EE6ED-BD3B-4499-B4C6-A34B722E4C53}.Release|Windows-x86.ActiveCfg = Release|Any CPU
		{F74EE6ED-BD3B-4499-B4C6-A34B722E4C53}.Release|Windows-x86.Build.0 = Release|Any CPU
		{BD9A7E40-F233-478A-8354-FD439AA5F40C}.Debug|Android.ActiveCfg = Debug|Any CPU
		{BD9A7E40-F233-478A-8354-FD439AA5F40C}.Debug|Android.Build.0 = Debug|Any CPU
		{BD9A7E40-F233-478A-8354-FD439AA5F40C}.Debug|Any CPU.ActiveCfg = Debug|Any CPU
		{BD9A7E40-F233-478A-8354-FD439AA5F40C}.Debug|Any CPU.Build.0 = Debug|Any CPU
		{BD9A7E40-F233-478A-8354-FD439AA5F40C}.Debug|iOS.ActiveCfg = Debug|Any CPU
		{BD9A7E40-F233-478A-8354-FD439AA5F40C}.Debug|iOS.Build.0 = Debug|Any CPU
		{BD9A7E40-F233-478A-8354-FD439AA5F40C}.Debug|Windows Phone (Universal).ActiveCfg = Debug|Any CPU
		{BD9A7E40-F233-478A-8354-FD439AA5F40C}.Debug|Windows Phone (Universal).Build.0 = Debug|Any CPU
		{BD9A7E40-F233-478A-8354-FD439AA5F40C}.Debug|Windows Phone 8.ActiveCfg = Debug|Any CPU
		{BD9A7E40-F233-478A-8354-FD439AA5F40C}.Debug|Windows Phone 8.Build.0 = Debug|Any CPU
		{BD9A7E40-F233-478A-8354-FD439AA5F40C}.Debug|Windows-AnyCPU.ActiveCfg = Debug|Any CPU
		{BD9A7E40-F233-478A-8354-FD439AA5F40C}.Debug|Windows-AnyCPU.Build.0 = Debug|Any CPU
		{BD9A7E40-F233-478A-8354-FD439AA5F40C}.Debug|Windows-ARM.ActiveCfg = Debug|Any CPU
		{BD9A7E40-F233-478A-8354-FD439AA5F40C}.Debug|Windows-ARM.Build.0 = Debug|Any CPU
		{BD9A7E40-F233-478A-8354-FD439AA5F40C}.Debug|Windows-x64.ActiveCfg = Debug|Any CPU
		{BD9A7E40-F233-478A-8354-FD439AA5F40C}.Debug|Windows-x64.Build.0 = Debug|Any CPU
		{BD9A7E40-F233-478A-8354-FD439AA5F40C}.Debug|Windows-x86.ActiveCfg = Debug|Any CPU
		{BD9A7E40-F233-478A-8354-FD439AA5F40C}.Debug|Windows-x86.Build.0 = Debug|Any CPU
		{BD9A7E40-F233-478A-8354-FD439AA5F40C}.Release|Android.ActiveCfg = Release|Any CPU
		{BD9A7E40-F233-478A-8354-FD439AA5F40C}.Release|Android.Build.0 = Release|Any CPU
		{BD9A7E40-F233-478A-8354-FD439AA5F40C}.Release|Any CPU.ActiveCfg = Release|Any CPU
		{BD9A7E40-F233-478A-8354-FD439AA5F40C}.Release|Any CPU.Build.0 = Release|Any CPU
		{BD9A7E40-F233-478A-8354-FD439AA5F40C}.Release|iOS.ActiveCfg = Release|Any CPU
		{BD9A7E40-F233-478A-8354-FD439AA5F40C}.Release|iOS.Build.0 = Release|Any CPU
		{BD9A7E40-F233-478A-8354-FD439AA5F40C}.Release|Windows Phone (Universal).ActiveCfg = Release|Any CPU
		{BD9A7E40-F233-478A-8354-FD439AA5F40C}.Release|Windows Phone (Universal).Build.0 = Release|Any CPU
		{BD9A7E40-F233-478A-8354-FD439AA5F40C}.Release|Windows Phone 8.ActiveCfg = Release|Any CPU
		{BD9A7E40-F233-478A-8354-FD439AA5F40C}.Release|Windows Phone 8.Build.0 = Release|Any CPU
		{BD9A7E40-F233-478A-8354-FD439AA5F40C}.Release|Windows-AnyCPU.ActiveCfg = Release|Any CPU
		{BD9A7E40-F233-478A-8354-FD439AA5F40C}.Release|Windows-AnyCPU.Build.0 = Release|Any CPU
		{BD9A7E40-F233-478A-8354-FD439AA5F40C}.Release|Windows-ARM.ActiveCfg = Release|Any CPU
		{BD9A7E40-F233-478A-8354-FD439AA5F40C}.Release|Windows-ARM.Build.0 = Release|Any CPU
		{BD9A7E40-F233-478A-8354-FD439AA5F40C}.Release|Windows-x64.ActiveCfg = Release|Any CPU
		{BD9A7E40-F233-478A-8354-FD439AA5F40C}.Release|Windows-x64.Build.0 = Release|Any CPU
		{BD9A7E40-F233-478A-8354-FD439AA5F40C}.Release|Windows-x86.ActiveCfg = Release|Any CPU
		{BD9A7E40-F233-478A-8354-FD439AA5F40C}.Release|Windows-x86.Build.0 = Release|Any CPU
		{AF45C96E-061F-4434-91A4-C508A464DA9A}.Debug|Android.ActiveCfg = Debug|Any CPU
		{AF45C96E-061F-4434-91A4-C508A464DA9A}.Debug|Android.Build.0 = Debug|Any CPU
		{AF45C96E-061F-4434-91A4-C508A464DA9A}.Debug|Any CPU.ActiveCfg = Debug|Any CPU
		{AF45C96E-061F-4434-91A4-C508A464DA9A}.Debug|Any CPU.Build.0 = Debug|Any CPU
		{AF45C96E-061F-4434-91A4-C508A464DA9A}.Debug|iOS.ActiveCfg = Debug|Any CPU
		{AF45C96E-061F-4434-91A4-C508A464DA9A}.Debug|iOS.Build.0 = Debug|Any CPU
		{AF45C96E-061F-4434-91A4-C508A464DA9A}.Debug|Windows Phone (Universal).ActiveCfg = Debug|Any CPU
		{AF45C96E-061F-4434-91A4-C508A464DA9A}.Debug|Windows Phone (Universal).Build.0 = Debug|Any CPU
		{AF45C96E-061F-4434-91A4-C508A464DA9A}.Debug|Windows Phone 8.ActiveCfg = Debug|Any CPU
		{AF45C96E-061F-4434-91A4-C508A464DA9A}.Debug|Windows Phone 8.Build.0 = Debug|Any CPU
		{AF45C96E-061F-4434-91A4-C508A464DA9A}.Debug|Windows-AnyCPU.ActiveCfg = Debug|Any CPU
		{AF45C96E-061F-4434-91A4-C508A464DA9A}.Debug|Windows-AnyCPU.Build.0 = Debug|Any CPU
		{AF45C96E-061F-4434-91A4-C508A464DA9A}.Debug|Windows-ARM.ActiveCfg = Debug|Any CPU
		{AF45C96E-061F-4434-91A4-C508A464DA9A}.Debug|Windows-ARM.Build.0 = Debug|Any CPU
		{AF45C96E-061F-4434-91A4-C508A464DA9A}.Debug|Windows-x64.ActiveCfg = Debug|Any CPU
		{AF45C96E-061F-4434-91A4-C508A464DA9A}.Debug|Windows-x64.Build.0 = Debug|Any CPU
		{AF45C96E-061F-4434-91A4-C508A464DA9A}.Debug|Windows-x86.ActiveCfg = Debug|Any CPU
		{AF45C96E-061F-4434-91A4-C508A464DA9A}.Debug|Windows-x86.Build.0 = Debug|Any CPU
		{AF45C96E-061F-4434-91A4-C508A464DA9A}.Release|Android.ActiveCfg = Release|Any CPU
		{AF45C96E-061F-4434-91A4-C508A464DA9A}.Release|Android.Build.0 = Release|Any CPU
		{AF45C96E-061F-4434-91A4-C508A464DA9A}.Release|Any CPU.ActiveCfg = Release|Any CPU
		{AF45C96E-061F-4434-91A4-C508A464DA9A}.Release|Any CPU.Build.0 = Release|Any CPU
		{AF45C96E-061F-4434-91A4-C508A464DA9A}.Release|iOS.ActiveCfg = Release|Any CPU
		{AF45C96E-061F-4434-91A4-C508A464DA9A}.Release|iOS.Build.0 = Release|Any CPU
		{AF45C96E-061F-4434-91A4-C508A464DA9A}.Release|Windows Phone (Universal).ActiveCfg = Release|Any CPU
		{AF45C96E-061F-4434-91A4-C508A464DA9A}.Release|Windows Phone (Universal).Build.0 = Release|Any CPU
		{AF45C96E-061F-4434-91A4-C508A464DA9A}.Release|Windows Phone 8.ActiveCfg = Release|Any CPU
		{AF45C96E-061F-4434-91A4-C508A464DA9A}.Release|Windows Phone 8.Build.0 = Release|Any CPU
		{AF45C96E-061F-4434-91A4-C508A464DA9A}.Release|Windows-AnyCPU.ActiveCfg = Release|Any CPU
		{AF45C96E-061F-4434-91A4-C508A464DA9A}.Release|Windows-AnyCPU.Build.0 = Release|Any CPU
		{AF45C96E-061F-4434-91A4-C508A464DA9A}.Release|Windows-ARM.ActiveCfg = Release|Any CPU
		{AF45C96E-061F-4434-91A4-C508A464DA9A}.Release|Windows-ARM.Build.0 = Release|Any CPU
		{AF45C96E-061F-4434-91A4-C508A464DA9A}.Release|Windows-x64.ActiveCfg = Release|Any CPU
		{AF45C96E-061F-4434-91A4-C508A464DA9A}.Release|Windows-x64.Build.0 = Release|Any CPU
		{AF45C96E-061F-4434-91A4-C508A464DA9A}.Release|Windows-x86.ActiveCfg = Release|Any CPU
		{AF45C96E-061F-4434-91A4-C508A464DA9A}.Release|Windows-x86.Build.0 = Release|Any CPU
		{1A08B5B1-A962-4C73-AA83-85E80D1ABAEB}.Debug|Android.ActiveCfg = Debug|Android
		{1A08B5B1-A962-4C73-AA83-85E80D1ABAEB}.Debug|Android.Build.0 = Debug|Android
		{1A08B5B1-A962-4C73-AA83-85E80D1ABAEB}.Debug|Android.Deploy.0 = Debug|Android
		{1A08B5B1-A962-4C73-AA83-85E80D1ABAEB}.Debug|Any CPU.ActiveCfg = Debug|Android
		{1A08B5B1-A962-4C73-AA83-85E80D1ABAEB}.Debug|iOS.ActiveCfg = Debug|iOS
		{1A08B5B1-A962-4C73-AA83-85E80D1ABAEB}.Debug|iOS.Build.0 = Debug|iOS
		{1A08B5B1-A962-4C73-AA83-85E80D1ABAEB}.Debug|iOS.Deploy.0 = Debug|iOS
		{1A08B5B1-A962-4C73-AA83-85E80D1ABAEB}.Debug|Windows Phone (Universal).ActiveCfg = Debug|Windows Phone (Universal)
		{1A08B5B1-A962-4C73-AA83-85E80D1ABAEB}.Debug|Windows Phone (Universal).Build.0 = Debug|Windows Phone (Universal)
		{1A08B5B1-A962-4C73-AA83-85E80D1ABAEB}.Debug|Windows Phone (Universal).Deploy.0 = Debug|Windows Phone (Universal)
		{1A08B5B1-A962-4C73-AA83-85E80D1ABAEB}.Debug|Windows Phone 8.ActiveCfg = Debug|Windows Phone 8
		{1A08B5B1-A962-4C73-AA83-85E80D1ABAEB}.Debug|Windows Phone 8.Build.0 = Debug|Windows Phone 8
		{1A08B5B1-A962-4C73-AA83-85E80D1ABAEB}.Debug|Windows Phone 8.Deploy.0 = Debug|Windows Phone 8
		{1A08B5B1-A962-4C73-AA83-85E80D1ABAEB}.Debug|Windows-AnyCPU.ActiveCfg = Debug|Windows-AnyCPU
		{1A08B5B1-A962-4C73-AA83-85E80D1ABAEB}.Debug|Windows-AnyCPU.Build.0 = Debug|Windows-AnyCPU
		{1A08B5B1-A962-4C73-AA83-85E80D1ABAEB}.Debug|Windows-AnyCPU.Deploy.0 = Debug|Windows-AnyCPU
		{1A08B5B1-A962-4C73-AA83-85E80D1ABAEB}.Debug|Windows-ARM.ActiveCfg = Debug|Windows-ARM
		{1A08B5B1-A962-4C73-AA83-85E80D1ABAEB}.Debug|Windows-ARM.Build.0 = Debug|Windows-ARM
		{1A08B5B1-A962-4C73-AA83-85E80D1ABAEB}.Debug|Windows-ARM.Deploy.0 = Debug|Windows-ARM
		{1A08B5B1-A962-4C73-AA83-85E80D1ABAEB}.Debug|Windows-x64.ActiveCfg = Debug|Windows-x64
		{1A08B5B1-A962-4C73-AA83-85E80D1ABAEB}.Debug|Windows-x64.Build.0 = Debug|Windows-x64
		{1A08B5B1-A962-4C73-AA83-85E80D1ABAEB}.Debug|Windows-x64.Deploy.0 = Debug|Windows-x64
		{1A08B5B1-A962-4C73-AA83-85E80D1ABAEB}.Debug|Windows-x86.ActiveCfg = Debug|Windows-x86
		{1A08B5B1-A962-4C73-AA83-85E80D1ABAEB}.Debug|Windows-x86.Build.0 = Debug|Windows-x86
		{1A08B5B1-A962-4C73-AA83-85E80D1ABAEB}.Debug|Windows-x86.Deploy.0 = Debug|Windows-x86
		{1A08B5B1-A962-4C73-AA83-85E80D1ABAEB}.Release|Android.ActiveCfg = Release|Android
		{1A08B5B1-A962-4C73-AA83-85E80D1ABAEB}.Release|Android.Build.0 = Release|Android
		{1A08B5B1-A962-4C73-AA83-85E80D1ABAEB}.Release|Android.Deploy.0 = Release|Android
		{1A08B5B1-A962-4C73-AA83-85E80D1ABAEB}.Release|Any CPU.ActiveCfg = Release|Android
		{1A08B5B1-A962-4C73-AA83-85E80D1ABAEB}.Release|iOS.ActiveCfg = Release|iOS
		{1A08B5B1-A962-4C73-AA83-85E80D1ABAEB}.Release|iOS.Build.0 = Release|iOS
		{1A08B5B1-A962-4C73-AA83-85E80D1ABAEB}.Release|iOS.Deploy.0 = Release|iOS
		{1A08B5B1-A962-4C73-AA83-85E80D1ABAEB}.Release|Windows Phone (Universal).ActiveCfg = Release|Windows Phone (Universal)
		{1A08B5B1-A962-4C73-AA83-85E80D1ABAEB}.Release|Windows Phone (Universal).Build.0 = Release|Windows Phone (Universal)
		{1A08B5B1-A962-4C73-AA83-85E80D1ABAEB}.Release|Windows Phone (Universal).Deploy.0 = Release|Windows Phone (Universal)
		{1A08B5B1-A962-4C73-AA83-85E80D1ABAEB}.Release|Windows Phone 8.ActiveCfg = Release|Windows Phone 8
		{1A08B5B1-A962-4C73-AA83-85E80D1ABAEB}.Release|Windows Phone 8.Build.0 = Release|Windows Phone 8
		{1A08B5B1-A962-4C73-AA83-85E80D1ABAEB}.Release|Windows Phone 8.Deploy.0 = Release|Windows Phone 8
		{1A08B5B1-A962-4C73-AA83-85E80D1ABAEB}.Release|Windows-AnyCPU.ActiveCfg = Release|Windows-AnyCPU
		{1A08B5B1-A962-4C73-AA83-85E80D1ABAEB}.Release|Windows-AnyCPU.Build.0 = Release|Windows-AnyCPU
		{1A08B5B1-A962-4C73-AA83-85E80D1ABAEB}.Release|Windows-AnyCPU.Deploy.0 = Release|Windows-AnyCPU
		{1A08B5B1-A962-4C73-AA83-85E80D1ABAEB}.Release|Windows-ARM.ActiveCfg = Release|Windows-ARM
		{1A08B5B1-A962-4C73-AA83-85E80D1ABAEB}.Release|Windows-ARM.Build.0 = Release|Windows-ARM
		{1A08B5B1-A962-4C73-AA83-85E80D1ABAEB}.Release|Windows-ARM.Deploy.0 = Release|Windows-ARM
		{1A08B5B1-A962-4C73-AA83-85E80D1ABAEB}.Release|Windows-x64.ActiveCfg = Release|Windows-x64
		{1A08B5B1-A962-4C73-AA83-85E80D1ABAEB}.Release|Windows-x64.Build.0 = Release|Windows-x64
		{1A08B5B1-A962-4C73-AA83-85E80D1ABAEB}.Release|Windows-x64.Deploy.0 = Release|Windows-x64
		{1A08B5B1-A962-4C73-AA83-85E80D1ABAEB}.Release|Windows-x86.ActiveCfg = Release|Windows-x86
		{1A08B5B1-A962-4C73-AA83-85E80D1ABAEB}.Release|Windows-x86.Build.0 = Release|Windows-x86
		{1A08B5B1-A962-4C73-AA83-85E80D1ABAEB}.Release|Windows-x86.Deploy.0 = Release|Windows-x86
	EndGlobalSection
	GlobalSection(SolutionProperties) = preSolution
		HideSolutionNode = FALSE
	EndGlobalSection
EndGlobal
